
Microsoft Visual Studio Solution File, Format Version 12.00
# Visual Studio 2012
Project("{FAE04EC0-301F-11D3-BF4B-00C04F79EFBC}") = "Micro.Core", "Micro.Core\Micro.Core.csproj", "{4682DC83-C427-4BC4-BCC7-726B833E018B}"
EndProject
Project("{FAE04EC0-301F-11D3-BF4B-00C04F79EFBC}") = "Micro.Core.Tests", "Micro.Core.Tests\Micro.Core.Tests.csproj", "{268EA67D-6077-4909-A01F-5E8E67034041}"
EndProject
Project("{FAE04EC0-301F-11D3-BF4B-00C04F79EFBC}") = "Micro.Graphic", "Micro.Graphic\Micro.Graphic.csproj", "{13F6A8B7-35A9-406A-8462-8245089D3CC4}"
EndProject
Project("{FAE04EC0-301F-11D3-BF4B-00C04F79EFBC}") = "Micro.Graphic.Tests", "Micro.Graphic.Tests\Micro.Graphic.Tests.csproj", "{3CC7210D-C5A9-441F-A287-2C050EA23A85}"
EndProject
Project("{FAE04EC0-301F-11D3-BF4B-00C04F79EFBC}") = "Demo.HelloWorld", "Demo.HelloWorld\Demo.HelloWorld.csproj", "{BED77B15-BF8D-4C3A-BF48-23D94BCA174D}"
EndProject
Project("{FAE04EC0-301F-11D3-BF4B-00C04F79EFBC}") = "Micro.GameplayFoundation", "Micro.GameplayFoundation\Micro.GameplayFoundation.csproj", "{7F8AABBF-2BEB-415E-B62B-82AF7546A821}"
EndProject
Project("{FAE04EC0-301F-11D3-BF4B-00C04F79EFBC}") = "Micro.GameplayFoundation.Tests", "Micro.GameplayFoundation.Tests\Micro.GameplayFoundation.Tests.csproj", "{DC912B8E-7319-415F-9B10-B772EE69A36E}"
EndProject
Project("{FAE04EC0-301F-11D3-BF4B-00C04F79EFBC}") = "Micro.GUI", "Micro.GUI\Micro.GUI.csproj", "{68E4AC11-88AF-4225-9113-62EEAA89C5D4}"
EndProject
Project("{FAE04EC0-301F-11D3-BF4B-00C04F79EFBC}") = "Micro.GUI.Tests", "Micro.GUI.Tests\Micro.GUI.Tests.csproj", "{48F1E437-3739-4EE5-A6EB-41B2F3434C3C}"
EndProject
Global
	GlobalSection(SolutionConfigurationPlatforms) = preSolution
		Debug|x86 = Debug|x86
		Release|x86 = Release|x86
	EndGlobalSection
	GlobalSection(ProjectConfigurationPlatforms) = postSolution
		{4682DC83-C427-4BC4-BCC7-726B833E018B}.Debug|x86.ActiveCfg = Debug|x86
		{4682DC83-C427-4BC4-BCC7-726B833E018B}.Debug|x86.Build.0 = Debug|x86
		{4682DC83-C427-4BC4-BCC7-726B833E018B}.Release|x86.ActiveCfg = Release|x86
		{4682DC83-C427-4BC4-BCC7-726B833E018B}.Release|x86.Build.0 = Release|x86
		{268EA67D-6077-4909-A01F-5E8E67034041}.Debug|x86.ActiveCfg = Debug|x86
		{268EA67D-6077-4909-A01F-5E8E67034041}.Debug|x86.Build.0 = Debug|x86
		{268EA67D-6077-4909-A01F-5E8E67034041}.Release|x86.ActiveCfg = Release|x86
		{268EA67D-6077-4909-A01F-5E8E67034041}.Release|x86.Build.0 = Release|x86
		{13F6A8B7-35A9-406A-8462-8245089D3CC4}.Debug|x86.ActiveCfg = Debug|x86
		{13F6A8B7-35A9-406A-8462-8245089D3CC4}.Debug|x86.Build.0 = Debug|x86
		{13F6A8B7-35A9-406A-8462-8245089D3CC4}.Release|x86.ActiveCfg = Release|x86
		{13F6A8B7-35A9-406A-8462-8245089D3CC4}.Release|x86.Build.0 = Release|x86
		{3CC7210D-C5A9-441F-A287-2C050EA23A85}.Debug|x86.ActiveCfg = Debug|x86
		{3CC7210D-C5A9-441F-A287-2C050EA23A85}.Debug|x86.Build.0 = Debug|x86
		{3CC7210D-C5A9-441F-A287-2C050EA23A85}.Release|x86.ActiveCfg = Release|x86
		{3CC7210D-C5A9-441F-A287-2C050EA23A85}.Release|x86.Build.0 = Release|x86
		{BED77B15-BF8D-4C3A-BF48-23D94BCA174D}.Debug|x86.ActiveCfg = Debug|x86
		{BED77B15-BF8D-4C3A-BF48-23D94BCA174D}.Debug|x86.Build.0 = Debug|x86
		{BED77B15-BF8D-4C3A-BF48-23D94BCA174D}.Release|x86.ActiveCfg = Release|x86
		{BED77B15-BF8D-4C3A-BF48-23D94BCA174D}.Release|x86.Build.0 = Release|x86
		{7F8AABBF-2BEB-415E-B62B-82AF7546A821}.Debug|x86.ActiveCfg = Debug|x86
		{7F8AABBF-2BEB-415E-B62B-82AF7546A821}.Debug|x86.Build.0 = Debug|x86
		{7F8AABBF-2BEB-415E-B62B-82AF7546A821}.Release|x86.ActiveCfg = Release|x86
		{7F8AABBF-2BEB-415E-B62B-82AF7546A821}.Release|x86.Build.0 = Release|x86
		{DC912B8E-7319-415F-9B10-B772EE69A36E}.Debug|x86.ActiveCfg = Debug|x86
		{DC912B8E-7319-415F-9B10-B772EE69A36E}.Debug|x86.Build.0 = Debug|x86
		{DC912B8E-7319-415F-9B10-B772EE69A36E}.Release|x86.ActiveCfg = Release|x86
		{DC912B8E-7319-415F-9B10-B772EE69A36E}.Release|x86.Build.0 = Release|x86
		{68E4AC11-88AF-4225-9113-62EEAA89C5D4}.Debug|x86.ActiveCfg = Debug|x86
		{68E4AC11-88AF-4225-9113-62EEAA89C5D4}.Debug|x86.Build.0 = Debug|x86
		{68E4AC11-88AF-4225-9113-62EEAA89C5D4}.Release|x86.ActiveCfg = Release|x86
		{68E4AC11-88AF-4225-9113-62EEAA89C5D4}.Release|x86.Build.0 = Release|x86
		{48F1E437-3739-4EE5-A6EB-41B2F3434C3C}.Debug|x86.ActiveCfg = Debug|x86
		{48F1E437-3739-4EE5-A6EB-41B2F3434C3C}.Debug|x86.Build.0 = Debug|x86
		{48F1E437-3739-4EE5-A6EB-41B2F3434C3C}.Release|x86.ActiveCfg = Release|x86
		{48F1E437-3739-4EE5-A6EB-41B2F3434C3C}.Release|x86.Build.0 = Release|x86
	EndGlobalSection
	GlobalSection(SolutionProperties) = preSolution
		HideSolutionNode = FALSE
	EndGlobalSection
EndGlobal
